<?xml version="1.0" encoding="UTF-8"?>
<CONFIG>
  <ProjectOptions>
    <Version Value="12"/>
    <General>
      <Flags>
        <MainUnitHasUsesSectionForAllUnits Value="False"/>
        <MainUnitHasCreateFormStatements Value="False"/>
        <MainUnitHasTitleStatement Value="False"/>
        <MainUnitHasScaledStatement Value="False"/>
        <CompatibilityMode Value="True"/>
      </Flags>
      <SessionStorage Value="InProjectDir"/>
      <Title Value="terrainserver"/>
    </General>
    <BuildModes Count="2">
      <Item1 Name="Debug" Default="True"/>
      <Item2 Name="Release">
        <CompilerOptions>
          <Version Value="11"/>
          <Target>
            <Filename Value="terserver"/>
          </Target>
          <SearchPaths>
            <IncludeFiles Value="code;$(ProjOutDir);e:/cge/src/common_includes/"/>
            <Libraries Value="e:/cge/src/files/indy/"/>
            <OtherUnitFiles Value="code;C:/Users/erik/AppData/Local/lazarus/onlinepackagemanager/packages/Indy10/Core/;C:/Users/erik/AppData/Local/lazarus/onlinepackagemanager/packages/Indy10/System/;e:/cge/src/files/indy/;e:/cge/src/common_includes/;commoncode"/>
            <UnitOutputDirectory Value="build/server"/>
          </SearchPaths>
          <CodeGeneration>
            <SmartLinkUnit Value="True"/>
            <Checks>
              <IOChecks Value="True"/>
            </Checks>
            <Optimizations>
              <OptimizationLevel Value="2"/>
            </Optimizations>
          </CodeGeneration>
          <Linking>
            <Debugging>
              <GenerateDebugInfo Value="False"/>
              <RunWithoutDebug Value="True"/>
              <StripSymbols Value="True"/>
            </Debugging>
            <LinkSmart Value="True"/>
          </Linking>
          <Other>
            <Verbosity>
              <ShowHints Value="False"/>
            </Verbosity>
            <CustomOptions Value="-dRELEASE
-dterserver"/>
          </Other>
        </CompilerOptions>
      </Item2>
    </BuildModes>
    <PublishOptions>
      <Version Value="2"/>
    </PublishOptions>
    <RunParams>
      <FormatVersion Value="2"/>
    </RunParams>
    <RequiredPackages Count="2">
      <Item1>
        <PackageName Value="castle_window"/>
      </Item1>
      <Item2>
        <PackageName Value="castle_base"/>
      </Item2>
    </RequiredPackages>
    <Units Count="6">
      <Unit0>
        <Filename Value="server_standalone.dpr"/>
        <IsPartOfProject Value="True"/>
      </Unit0>
      <Unit1>
        <Filename Value="castleautogenerated.pas"/>
        <IsPartOfProject Value="True"/>
        <UnitName Value="CastleAutoGenerated"/>
      </Unit1>
      <Unit2>
        <Filename Value="code/gameinitialize.pas"/>
        <IsPartOfProject Value="True"/>
      </Unit2>
      <Unit3>
        <Filename Value="code/gameviewmain.pas"/>
        <IsPartOfProject Value="True"/>
        <UnitName Value="GameViewMain"/>
      </Unit3>
      <Unit4>
        <Filename Value="code/terraindata.pas"/>
        <IsPartOfProject Value="True"/>
      </Unit4>
      <Unit5>
        <Filename Value="code/watercolor.pas"/>
        <IsPartOfProject Value="True"/>
      </Unit5>
    </Units>
  </ProjectOptions>
  <CompilerOptions>
    <Version Value="11"/>
    <Target>
      <Filename Value="terserver"/>
    </Target>
    <SearchPaths>
      <IncludeFiles Value="code;$(ProjOutDir);../cge/src/common_includes"/>
      <Libraries Value="../cge/src/files/indy"/>
      <OtherUnitFiles Value="code;C:/Users/erik/AppData/Local/lazarus/onlinepackagemanager/packages/Indy10/Core/;C:/Users/erik/AppData/Local/lazarus/onlinepackagemanager/packages/Indy10/System/;../cge/src/files/indy;../cge/src/common_includes;commoncode"/>
      <UnitOutputDirectory Value="build/server"/>
    </SearchPaths>
    <Parsing>
      <SyntaxOptions>
        <IncludeAssertionCode Value="True"/>
      </SyntaxOptions>
    </Parsing>
    <CodeGeneration>
      <Checks>
        <IOChecks Value="True"/>
        <RangeChecks Value="True"/>
        <OverflowChecks Value="True"/>
        <StackChecks Value="True"/>
      </Checks>
      <VerifyObjMethodCallValidity Value="True"/>
    </CodeGeneration>
    <Linking>
      <Debugging>
        <DebugInfoType Value="dsDwarf3"/>
        <UseExternalDbgSyms Value="True"/>
      </Debugging>
    </Linking>
    <Other>
      <Verbosity>
        <ShowHints Value="False"/>
      </Verbosity>
      <CustomOptions Value="-dDEBUG
-dterserver"/>
    </Other>
  </CompilerOptions>
  <Debugging>
    <Exceptions Count="8">
      <Item1>
        <Name Value="EAbort"/>
      </Item1>
      <Item2>
        <Name Value="ECodetoolError"/>
      </Item2>
      <Item3>
        <Name Value="EFOpenError"/>
      </Item3>
      <Item4>
        <Name Value="EIdSocketError"/>
      </Item4>
      <Item5>
        <Name Value="EIdConnClosedGracefully"/>
      </Item5>
      <Item6>
        <Name Value="EConvertError"/>
      </Item6>
      <Item7>
        <Name Value="EThreadExternalException"/>
      </Item7>
      <Item8>
        <Name Value="EIdWinsockStubError"/>
      </Item8>
    </Exceptions>
  </Debugging>
</CONFIG>
